
Microsoft Visual Studio Solution File, Format Version 12.00
# Visual Studio Version 17
VisualStudioVersion = 17.0.31903.59
MinimumVisualStudioVersion = 10.0.40219.1
Project("{FAE04EC0-301F-11D3-BF4B-00C04F79EFBC}") = "PonyMVC5WithAuthTemplateProject", "PonyMVC5WithAuthTemplateProject\PonyMVC5WithAuthTemplateProject.csproj", "{1CD7F8CC-563D-4876-BFC1-F6E6452D5ED0}"
EndProject
Project("{FAE04EC0-301F-11D3-BF4B-00C04F79EFBC}") = "PonyProjectTemplateInstaller", "PonyProjectTemplateInstaller\PonyProjectTemplateInstaller.csproj", "{6E8E7BA7-0C73-45D1-8755-DCCD9F7E0A6B}"
EndProject
Project("{FAE04EC0-301F-11D3-BF4B-00C04F79EFBC}") = "PonyMVC6WithAuthTemplateProject", "PonyMVC6WithAuthTemplateProject\PonyMVC6WithAuthTemplateProject.csproj", "{EE0B783B-FAE8-48E4-BBDF-D230DA274187}"
EndProject
Project("{2150E333-8FDC-42A3-9474-1A3956D46DE8}") = "Solutions", "Solutions", "{43710966-97DA-46CA-BA75-B0240A16382E}"
	ProjectSection(SolutionItems) = preProject
		README.md = README.md
	EndProjectSection
EndProject
Global
	GlobalSection(SolutionConfigurationPlatforms) = preSolution
		Debug|Any CPU = Debug|Any CPU
		Debug|x86 = Debug|x86
		Release|Any CPU = Release|Any CPU
		Release|x86 = Release|x86
	EndGlobalSection
	GlobalSection(ProjectConfigurationPlatforms) = postSolution
		{1CD7F8CC-563D-4876-BFC1-F6E6452D5ED0}.Debug|Any CPU.ActiveCfg = Debug|Any CPU
		{1CD7F8CC-563D-4876-BFC1-F6E6452D5ED0}.Debug|Any CPU.Build.0 = Debug|Any CPU
		{1CD7F8CC-563D-4876-BFC1-F6E6452D5ED0}.Debug|x86.ActiveCfg = Debug|x86
		{1CD7F8CC-563D-4876-BFC1-F6E6452D5ED0}.Debug|x86.Build.0 = Debug|x86
		{1CD7F8CC-563D-4876-BFC1-F6E6452D5ED0}.Release|Any CPU.ActiveCfg = Release|Any CPU
		{1CD7F8CC-563D-4876-BFC1-F6E6452D5ED0}.Release|Any CPU.Build.0 = Release|Any CPU
		{1CD7F8CC-563D-4876-BFC1-F6E6452D5ED0}.Release|x86.ActiveCfg = Release|x86
		{1CD7F8CC-563D-4876-BFC1-F6E6452D5ED0}.Release|x86.Build.0 = Release|x86
		{6E8E7BA7-0C73-45D1-8755-DCCD9F7E0A6B}.Debug|Any CPU.ActiveCfg = Debug|Any CPU
		{6E8E7BA7-0C73-45D1-8755-DCCD9F7E0A6B}.Debug|Any CPU.Build.0 = Debug|Any CPU
		{6E8E7BA7-0C73-45D1-8755-DCCD9F7E0A6B}.Debug|x86.ActiveCfg = Debug|Any CPU
		{6E8E7BA7-0C73-45D1-8755-DCCD9F7E0A6B}.Debug|x86.Build.0 = Debug|Any CPU
		{6E8E7BA7-0C73-45D1-8755-DCCD9F7E0A6B}.Release|Any CPU.ActiveCfg = Release|Any CPU
		{6E8E7BA7-0C73-45D1-8755-DCCD9F7E0A6B}.Release|Any CPU.Build.0 = Release|Any CPU
		{6E8E7BA7-0C73-45D1-8755-DCCD9F7E0A6B}.Release|x86.ActiveCfg = Release|Any CPU
		{6E8E7BA7-0C73-45D1-8755-DCCD9F7E0A6B}.Release|x86.Build.0 = Release|Any CPU
		{EE0B783B-FAE8-48E4-BBDF-D230DA274187}.Debug|Any CPU.ActiveCfg = Debug|Any CPU
		{EE0B783B-FAE8-48E4-BBDF-D230DA274187}.Debug|Any CPU.Build.0 = Debug|Any CPU
		{EE0B783B-FAE8-48E4-BBDF-D230DA274187}.Debug|x86.ActiveCfg = Debug|x86
		{EE0B783B-FAE8-48E4-BBDF-D230DA274187}.Debug|x86.Build.0 = Debug|x86
		{EE0B783B-FAE8-48E4-BBDF-D230DA274187}.Release|Any CPU.ActiveCfg = Release|Any CPU
		{EE0B783B-FAE8-48E4-BBDF-D230DA274187}.Release|Any CPU.Build.0 = Release|Any CPU
		{EE0B783B-FAE8-48E4-BBDF-D230DA274187}.Release|x86.ActiveCfg = Release|x86
		{EE0B783B-FAE8-48E4-BBDF-D230DA274187}.Release|x86.Build.0 = Release|x86
	EndGlobalSection
	GlobalSection(SolutionProperties) = preSolution
		HideSolutionNode = FALSE
	EndGlobalSection
	GlobalSection(ExtensibilityGlobals) = postSolution
		SolutionGuid = {14639430-1A5F-4AF6-9DC2-87E651A54D90}
	EndGlobalSection
EndGlobal
